
Microsoft Visual Studio Solution File, Format Version 12.00
# Visual Studio Version 17
VisualStudioVersion = 17.11.35222.181
MinimumVisualStudioVersion = 10.0.40219.1
Project("{9A19103F-16F7-4668-BE54-9A1E7A4F7556}") = "BasicSyntax", "BasicSyntax.csproj", "{D2B2B65F-8930-486E-A051-56D9D80E42CD}"
EndProject
Project("{9A19103F-16F7-4668-BE54-9A1E7A4F7556}") = "DivideConquer", "..\DivideConquer\DivideConquer.csproj", "{BA6C77FE-7D05-49E3-942B-0E78BF41C7E2}"
EndProject
Project("{9A19103F-16F7-4668-BE54-9A1E7A4F7556}") = "OffloadingTasks", "..\OffloadingTasks\OffloadingTasks.csproj", "{2F9B80A4-B69E-4EF6-ACF6-1572B028D90C}"
EndProject
Project("{9A19103F-16F7-4668-BE54-9A1E7A4F7556}") = "WebServerAssignmentQuestion", "..\WebServerAssignmentQuestion\WebServerAssignmentQuestion.csproj", "{6D1651C9-B6AD-4565-B3DD-CC7900046A0D}"
EndProject
Project("{9A19103F-16F7-4668-BE54-9A1E7A4F7556}") = "SynchronizationOverview", "..\SynchronizationOverview\SynchronizationOverview.csproj", "{B25EA5FD-5E2A-444F-A1AC-EBAE0F4EB081}"
EndProject
Project("{9A19103F-16F7-4668-BE54-9A1E7A4F7556}") = "AirlineBookingSystemAssignment", "..\AirlineBookingSystemAssignment\AirlineBookingSystemAssignment.csproj", "{979E83CE-0437-4CB2-9887-0C16E6F0230A}"
EndProject
Project("{9A19103F-16F7-4668-BE54-9A1E7A4F7556}") = "MonitorThreadSynchronization", "..\MonitorThreadSynchronization\MonitorThreadSynchronization.csproj", "{655F0CF6-6159-493A-84D7-9A858B5185B9}"
EndProject
Project("{9A19103F-16F7-4668-BE54-9A1E7A4F7556}") = "MutexThreadProcesSynchronization", "..\MutexThreadProcesSynchronization\MutexThreadProcesSynchronization.csproj", "{3AF837DA-4D86-4745-9001-1B5E6F01C5CC}"
EndProject
Project("{9A19103F-16F7-4668-BE54-9A1E7A4F7556}") = "ReaderWriterLock", "..\ReaderWriterLock\ReaderWriterLock.csproj", "{9B78C0B5-9FBA-4E5B-9229-DD3D7F2BC391}"
EndProject
Project("{9A19103F-16F7-4668-BE54-9A1E7A4F7556}") = "SemaphoreLimitNumberOfThreads", "..\SemaphoreLimitNumberOfThreads\SemaphoreLimitNumberOfThreads.csproj", "{F4C72FC5-87C0-4E03-8292-495D1BC29136}"
EndProject
Project("{9A19103F-16F7-4668-BE54-9A1E7A4F7556}") = "SignallingAutoResetEvent", "..\SignallingAutoResetEvent\SignallingAutoResetEvent.csproj", "{4C5F95F9-F2EA-4225-9C48-0E1B8F5D5C3D}"
EndProject
Project("{9A19103F-16F7-4668-BE54-9A1E7A4F7556}") = "ManualResetEventReleaseMultipleThreads", "..\ManualResetEventReleaseMultipleThreads\ManualResetEventReleaseMultipleThreads.csproj", "{C391C27C-7C11-42FA-AB39-B96875DA0A29}"
EndProject
Project("{9A19103F-16F7-4668-BE54-9A1E7A4F7556}") = "TwoWaySignallingManualResetEvent", "..\TwoWaySignallingManualResetEvent\TwoWaySignallingManualResetEvent.csproj", "{01B223E0-2CA5-40E3-A552-E8ABEDD87195}"
EndProject
Project("{9A19103F-16F7-4668-BE54-9A1E7A4F7556}") = "BlazorThreadAffinity", "..\BlazorThreadAffinity\BlazorThreadAffinity.csproj", "{A41FBBEB-10F0-4FED-8009-9C559C611BD5}"
EndProject
Project("{9A19103F-16F7-4668-BE54-9A1E7A4F7556}") = "DeadlockExample", "..\DeadlockExample\DeadlockExample.csproj", "{16BE0D88-42DA-407C-A8C5-DD8DE3166B3B}"
EndProject
Project("{9A19103F-16F7-4668-BE54-9A1E7A4F7556}") = "ThreadWait", "..\ThreadWait\ThreadWait.csproj", "{28C6B80A-0CC6-4EAC-BEB2-D8F8B31395E2}"
EndProject
Project("{9A19103F-16F7-4668-BE54-9A1E7A4F7556}") = "ThreadPool", "..\ThreadPool\ThreadPool.csproj", "{172BDBFB-3A28-4CA7-8543-0E2F6B25BFD1}"
EndProject
Project("{9A19103F-16F7-4668-BE54-9A1E7A4F7556}") = "ExceptionHandlingThreads", "..\ExceptionHandlingThreads\ExceptionHandlingThreads.csproj", "{C5600B43-0C42-475C-AD6B-B40940C70EE8}"
EndProject
Project("{9A19103F-16F7-4668-BE54-9A1E7A4F7556}") = "TaskBasedProgramming", "..\TaskBasedProgramming\TaskBasedProgramming.csproj", "{53D8361B-3698-4B1E-96A5-18C502B83931}"
EndProject
Project("{9A19103F-16F7-4668-BE54-9A1E7A4F7556}") = "TaskWaitWaitAllContinuation", "..\TaskWaitWaitAllContinuation\TaskWaitWaitAllContinuation.csproj", "{E0D7E2A4-A1C9-4307-B9D2-7112DCC4D182}"
EndProject
Project("{FAE04EC0-301F-11D3-BF4B-00C04F79EFBC}") = "TaskExceptions", "..\TaskExceptions\TaskExceptions.csproj", "{BE738804-BF30-49CD-89FE-C131FB721BFA}"
EndProject
Project("{FAE04EC0-301F-11D3-BF4B-00C04F79EFBC}") = "TaskSynchronization", "..\TaskSynchronization\TaskSynchronization.csproj", "{61F6F914-B3A6-4E00-8E65-C3E2CE569443}"
EndProject
Project("{FAE04EC0-301F-11D3-BF4B-00C04F79EFBC}") = "TaskCancellation", "..\TaskCancellation\TaskCancellation.csproj", "{8E79F911-C4D1-4A19-A67B-00D181989FE8}"
EndProject
Global
	GlobalSection(SolutionConfigurationPlatforms) = preSolution
		Debug|Any CPU = Debug|Any CPU
		Release|Any CPU = Release|Any CPU
	EndGlobalSection
	GlobalSection(ProjectConfigurationPlatforms) = postSolution
		{D2B2B65F-8930-486E-A051-56D9D80E42CD}.Debug|Any CPU.ActiveCfg = Debug|Any CPU
		{D2B2B65F-8930-486E-A051-56D9D80E42CD}.Debug|Any CPU.Build.0 = Debug|Any CPU
		{D2B2B65F-8930-486E-A051-56D9D80E42CD}.Release|Any CPU.ActiveCfg = Release|Any CPU
		{D2B2B65F-8930-486E-A051-56D9D80E42CD}.Release|Any CPU.Build.0 = Release|Any CPU
		{BA6C77FE-7D05-49E3-942B-0E78BF41C7E2}.Debug|Any CPU.ActiveCfg = Debug|Any CPU
		{BA6C77FE-7D05-49E3-942B-0E78BF41C7E2}.Debug|Any CPU.Build.0 = Debug|Any CPU
		{BA6C77FE-7D05-49E3-942B-0E78BF41C7E2}.Release|Any CPU.ActiveCfg = Release|Any CPU
		{BA6C77FE-7D05-49E3-942B-0E78BF41C7E2}.Release|Any CPU.Build.0 = Release|Any CPU
		{2F9B80A4-B69E-4EF6-ACF6-1572B028D90C}.Debug|Any CPU.ActiveCfg = Debug|Any CPU
		{2F9B80A4-B69E-4EF6-ACF6-1572B028D90C}.Debug|Any CPU.Build.0 = Debug|Any CPU
		{2F9B80A4-B69E-4EF6-ACF6-1572B028D90C}.Release|Any CPU.ActiveCfg = Release|Any CPU
		{2F9B80A4-B69E-4EF6-ACF6-1572B028D90C}.Release|Any CPU.Build.0 = Release|Any CPU
		{6D1651C9-B6AD-4565-B3DD-CC7900046A0D}.Debug|Any CPU.ActiveCfg = Debug|Any CPU
		{6D1651C9-B6AD-4565-B3DD-CC7900046A0D}.Debug|Any CPU.Build.0 = Debug|Any CPU
		{6D1651C9-B6AD-4565-B3DD-CC7900046A0D}.Release|Any CPU.ActiveCfg = Release|Any CPU
		{6D1651C9-B6AD-4565-B3DD-CC7900046A0D}.Release|Any CPU.Build.0 = Release|Any CPU
		{B25EA5FD-5E2A-444F-A1AC-EBAE0F4EB081}.Debug|Any CPU.ActiveCfg = Debug|Any CPU
		{B25EA5FD-5E2A-444F-A1AC-EBAE0F4EB081}.Debug|Any CPU.Build.0 = Debug|Any CPU
		{B25EA5FD-5E2A-444F-A1AC-EBAE0F4EB081}.Release|Any CPU.ActiveCfg = Release|Any CPU
		{B25EA5FD-5E2A-444F-A1AC-EBAE0F4EB081}.Release|Any CPU.Build.0 = Release|Any CPU
		{979E83CE-0437-4CB2-9887-0C16E6F0230A}.Debug|Any CPU.ActiveCfg = Debug|Any CPU
		{979E83CE-0437-4CB2-9887-0C16E6F0230A}.Debug|Any CPU.Build.0 = Debug|Any CPU
		{979E83CE-0437-4CB2-9887-0C16E6F0230A}.Release|Any CPU.ActiveCfg = Release|Any CPU
		{979E83CE-0437-4CB2-9887-0C16E6F0230A}.Release|Any CPU.Build.0 = Release|Any CPU
		{655F0CF6-6159-493A-84D7-9A858B5185B9}.Debug|Any CPU.ActiveCfg = Debug|Any CPU
		{655F0CF6-6159-493A-84D7-9A858B5185B9}.Debug|Any CPU.Build.0 = Debug|Any CPU
		{655F0CF6-6159-493A-84D7-9A858B5185B9}.Release|Any CPU.ActiveCfg = Release|Any CPU
		{655F0CF6-6159-493A-84D7-9A858B5185B9}.Release|Any CPU.Build.0 = Release|Any CPU
		{3AF837DA-4D86-4745-9001-1B5E6F01C5CC}.Debug|Any CPU.ActiveCfg = Debug|Any CPU
		{3AF837DA-4D86-4745-9001-1B5E6F01C5CC}.Debug|Any CPU.Build.0 = Debug|Any CPU
		{3AF837DA-4D86-4745-9001-1B5E6F01C5CC}.Release|Any CPU.ActiveCfg = Release|Any CPU
		{3AF837DA-4D86-4745-9001-1B5E6F01C5CC}.Release|Any CPU.Build.0 = Release|Any CPU
		{9B78C0B5-9FBA-4E5B-9229-DD3D7F2BC391}.Debug|Any CPU.ActiveCfg = Debug|Any CPU
		{9B78C0B5-9FBA-4E5B-9229-DD3D7F2BC391}.Debug|Any CPU.Build.0 = Debug|Any CPU
		{9B78C0B5-9FBA-4E5B-9229-DD3D7F2BC391}.Release|Any CPU.ActiveCfg = Release|Any CPU
		{9B78C0B5-9FBA-4E5B-9229-DD3D7F2BC391}.Release|Any CPU.Build.0 = Release|Any CPU
		{F4C72FC5-87C0-4E03-8292-495D1BC29136}.Debug|Any CPU.ActiveCfg = Debug|Any CPU
		{F4C72FC5-87C0-4E03-8292-495D1BC29136}.Debug|Any CPU.Build.0 = Debug|Any CPU
		{F4C72FC5-87C0-4E03-8292-495D1BC29136}.Release|Any CPU.ActiveCfg = Release|Any CPU
		{F4C72FC5-87C0-4E03-8292-495D1BC29136}.Release|Any CPU.Build.0 = Release|Any CPU
		{4C5F95F9-F2EA-4225-9C48-0E1B8F5D5C3D}.Debug|Any CPU.ActiveCfg = Debug|Any CPU
		{4C5F95F9-F2EA-4225-9C48-0E1B8F5D5C3D}.Debug|Any CPU.Build.0 = Debug|Any CPU
		{4C5F95F9-F2EA-4225-9C48-0E1B8F5D5C3D}.Release|Any CPU.ActiveCfg = Release|Any CPU
		{4C5F95F9-F2EA-4225-9C48-0E1B8F5D5C3D}.Release|Any CPU.Build.0 = Release|Any CPU
		{C391C27C-7C11-42FA-AB39-B96875DA0A29}.Debug|Any CPU.ActiveCfg = Debug|Any CPU
		{C391C27C-7C11-42FA-AB39-B96875DA0A29}.Debug|Any CPU.Build.0 = Debug|Any CPU
		{C391C27C-7C11-42FA-AB39-B96875DA0A29}.Release|Any CPU.ActiveCfg = Release|Any CPU
		{C391C27C-7C11-42FA-AB39-B96875DA0A29}.Release|Any CPU.Build.0 = Release|Any CPU
		{01B223E0-2CA5-40E3-A552-E8ABEDD87195}.Debug|Any CPU.ActiveCfg = Debug|Any CPU
		{01B223E0-2CA5-40E3-A552-E8ABEDD87195}.Debug|Any CPU.Build.0 = Debug|Any CPU
		{01B223E0-2CA5-40E3-A552-E8ABEDD87195}.Release|Any CPU.ActiveCfg = Release|Any CPU
		{01B223E0-2CA5-40E3-A552-E8ABEDD87195}.Release|Any CPU.Build.0 = Release|Any CPU
		{A41FBBEB-10F0-4FED-8009-9C559C611BD5}.Debug|Any CPU.ActiveCfg = Debug|Any CPU
		{A41FBBEB-10F0-4FED-8009-9C559C611BD5}.Debug|Any CPU.Build.0 = Debug|Any CPU
		{A41FBBEB-10F0-4FED-8009-9C559C611BD5}.Release|Any CPU.ActiveCfg = Release|Any CPU
		{A41FBBEB-10F0-4FED-8009-9C559C611BD5}.Release|Any CPU.Build.0 = Release|Any CPU
		{16BE0D88-42DA-407C-A8C5-DD8DE3166B3B}.Debug|Any CPU.ActiveCfg = Debug|Any CPU
		{16BE0D88-42DA-407C-A8C5-DD8DE3166B3B}.Debug|Any CPU.Build.0 = Debug|Any CPU
		{16BE0D88-42DA-407C-A8C5-DD8DE3166B3B}.Release|Any CPU.ActiveCfg = Release|Any CPU
		{16BE0D88-42DA-407C-A8C5-DD8DE3166B3B}.Release|Any CPU.Build.0 = Release|Any CPU
		{28C6B80A-0CC6-4EAC-BEB2-D8F8B31395E2}.Debug|Any CPU.ActiveCfg = Debug|Any CPU
		{28C6B80A-0CC6-4EAC-BEB2-D8F8B31395E2}.Debug|Any CPU.Build.0 = Debug|Any CPU
		{28C6B80A-0CC6-4EAC-BEB2-D8F8B31395E2}.Release|Any CPU.ActiveCfg = Release|Any CPU
		{28C6B80A-0CC6-4EAC-BEB2-D8F8B31395E2}.Release|Any CPU.Build.0 = Release|Any CPU
		{172BDBFB-3A28-4CA7-8543-0E2F6B25BFD1}.Debug|Any CPU.ActiveCfg = Debug|Any CPU
		{172BDBFB-3A28-4CA7-8543-0E2F6B25BFD1}.Debug|Any CPU.Build.0 = Debug|Any CPU
		{172BDBFB-3A28-4CA7-8543-0E2F6B25BFD1}.Release|Any CPU.ActiveCfg = Release|Any CPU
		{172BDBFB-3A28-4CA7-8543-0E2F6B25BFD1}.Release|Any CPU.Build.0 = Release|Any CPU
		{C5600B43-0C42-475C-AD6B-B40940C70EE8}.Debug|Any CPU.ActiveCfg = Debug|Any CPU
		{C5600B43-0C42-475C-AD6B-B40940C70EE8}.Debug|Any CPU.Build.0 = Debug|Any CPU
		{C5600B43-0C42-475C-AD6B-B40940C70EE8}.Release|Any CPU.ActiveCfg = Release|Any CPU
		{C5600B43-0C42-475C-AD6B-B40940C70EE8}.Release|Any CPU.Build.0 = Release|Any CPU
		{53D8361B-3698-4B1E-96A5-18C502B83931}.Debug|Any CPU.ActiveCfg = Debug|Any CPU
		{53D8361B-3698-4B1E-96A5-18C502B83931}.Debug|Any CPU.Build.0 = Debug|Any CPU
		{53D8361B-3698-4B1E-96A5-18C502B83931}.Release|Any CPU.ActiveCfg = Release|Any CPU
		{53D8361B-3698-4B1E-96A5-18C502B83931}.Release|Any CPU.Build.0 = Release|Any CPU
		{E0D7E2A4-A1C9-4307-B9D2-7112DCC4D182}.Debug|Any CPU.ActiveCfg = Debug|Any CPU
		{E0D7E2A4-A1C9-4307-B9D2-7112DCC4D182}.Debug|Any CPU.Build.0 = Debug|Any CPU
		{E0D7E2A4-A1C9-4307-B9D2-7112DCC4D182}.Release|Any CPU.ActiveCfg = Release|Any CPU
		{E0D7E2A4-A1C9-4307-B9D2-7112DCC4D182}.Release|Any CPU.Build.0 = Release|Any CPU
		{BE738804-BF30-49CD-89FE-C131FB721BFA}.Debug|Any CPU.ActiveCfg = Debug|Any CPU
		{BE738804-BF30-49CD-89FE-C131FB721BFA}.Debug|Any CPU.Build.0 = Debug|Any CPU
		{BE738804-BF30-49CD-89FE-C131FB721BFA}.Release|Any CPU.ActiveCfg = Release|Any CPU
		{BE738804-BF30-49CD-89FE-C131FB721BFA}.Release|Any CPU.Build.0 = Release|Any CPU
		{61F6F914-B3A6-4E00-8E65-C3E2CE569443}.Debug|Any CPU.ActiveCfg = Debug|Any CPU
		{61F6F914-B3A6-4E00-8E65-C3E2CE569443}.Debug|Any CPU.Build.0 = Debug|Any CPU
		{61F6F914-B3A6-4E00-8E65-C3E2CE569443}.Release|Any CPU.ActiveCfg = Release|Any CPU
		{61F6F914-B3A6-4E00-8E65-C3E2CE569443}.Release|Any CPU.Build.0 = Release|Any CPU
		{8E79F911-C4D1-4A19-A67B-00D181989FE8}.Debug|Any CPU.ActiveCfg = Debug|Any CPU
		{8E79F911-C4D1-4A19-A67B-00D181989FE8}.Debug|Any CPU.Build.0 = Debug|Any CPU
		{8E79F911-C4D1-4A19-A67B-00D181989FE8}.Release|Any CPU.ActiveCfg = Release|Any CPU
		{8E79F911-C4D1-4A19-A67B-00D181989FE8}.Release|Any CPU.Build.0 = Release|Any CPU
	EndGlobalSection
	GlobalSection(SolutionProperties) = preSolution
		HideSolutionNode = FALSE
	EndGlobalSection
	GlobalSection(ExtensibilityGlobals) = postSolution
		SolutionGuid = {AEDB3D91-20DA-44F2-84E4-E8319E89BB83}
	EndGlobalSection
EndGlobal
